
Microsoft Visual Studio Solution File, Format Version 12.00
# Visual Studio 15
VisualStudioVersion = 15.0.26228.4
MinimumVisualStudioVersion = 10.0.40219.1
Project("{FAE04EC0-301F-11D3-BF4B-00C04F79EFBC}") = "task1", "Random\task1.csproj", "{92138B41-906F-4EF1-8596-7E9A4F1B71F6}"
EndProject
Project("{FAE04EC0-301F-11D3-BF4B-00C04F79EFBC}") = "task2", "Changethenull\task2.csproj", "{410336BB-091E-4B45-9700-D2F804CDAF05}"
EndProject
Project("{FAE04EC0-301F-11D3-BF4B-00C04F79EFBC}") = "Task3", "Task3\Task3.csproj", "{22E0ECCE-F344-4D02-914C-6877AEAD2182}"
EndProject
Global
	GlobalSection(SolutionConfigurationPlatforms) = preSolution
		Debug|Any CPU = Debug|Any CPU
		Release|Any CPU = Release|Any CPU
	EndGlobalSection
	GlobalSection(ProjectConfigurationPlatforms) = postSolution
		{92138B41-906F-4EF1-8596-7E9A4F1B71F6}.Debug|Any CPU.ActiveCfg = Debug|Any CPU
		{92138B41-906F-4EF1-8596-7E9A4F1B71F6}.Debug|Any CPU.Build.0 = Debug|Any CPU
		{92138B41-906F-4EF1-8596-7E9A4F1B71F6}.Release|Any CPU.ActiveCfg = Release|Any CPU
		{92138B41-906F-4EF1-8596-7E9A4F1B71F6}.Release|Any CPU.Build.0 = Release|Any CPU
		{410336BB-091E-4B45-9700-D2F804CDAF05}.Debug|Any CPU.ActiveCfg = Debug|Any CPU
		{410336BB-091E-4B45-9700-D2F804CDAF05}.Debug|Any CPU.Build.0 = Debug|Any CPU
		{410336BB-091E-4B45-9700-D2F804CDAF05}.Release|Any CPU.ActiveCfg = Release|Any CPU
		{410336BB-091E-4B45-9700-D2F804CDAF05}.Release|Any CPU.Build.0 = Release|Any CPU
		{22E0ECCE-F344-4D02-914C-6877AEAD2182}.Debug|Any CPU.ActiveCfg = Debug|Any CPU
		{22E0ECCE-F344-4D02-914C-6877AEAD2182}.Debug|Any CPU.Build.0 = Debug|Any CPU
		{22E0ECCE-F344-4D02-914C-6877AEAD2182}.Release|Any CPU.ActiveCfg = Release|Any CPU
		{22E0ECCE-F344-4D02-914C-6877AEAD2182}.Release|Any CPU.Build.0 = Release|Any CPU
	EndGlobalSection
	GlobalSection(SolutionProperties) = preSolution
		HideSolutionNode = FALSE
	EndGlobalSection
EndGlobal
